// !$*UTF8*$!
{
	archiveVersion = 1;
	classes = {
	};
	objectVersion = 46;
	objects = {

/* Begin PBXBuildFile section */
		005BC8FF14531CE60076D1FF /* Foundation.framework in Frameworks */ = {isa = PBXBuildFile; fileRef = 005BC8FE14531CE60076D1FF /* Foundation.framework */; };
		005BC90114531CE60076D1FF /* UIKit.framework in Frameworks */ = {isa = PBXBuildFile; fileRef = 005BC90014531CE60076D1FF /* UIKit.framework */; };
		005BC90314531CE60076D1FF /* CoreGraphics.framework in Frameworks */ = {isa = PBXBuildFile; fileRef = 005BC90214531CE60076D1FF /* CoreGraphics.framework */; };
		005BC90514531CE60076D1FF /* AddressBook.framework in Frameworks */ = {isa = PBXBuildFile; fileRef = 005BC90414531CE60076D1FF /* AddressBook.framework */; };
		005BC90714531CE60076D1FF /* AddressBookUI.framework in Frameworks */ = {isa = PBXBuildFile; fileRef = 005BC90614531CE60076D1FF /* AddressBookUI.framework */; };
		005BC90914531CE60076D1FF /* AudioToolbox.framework in Frameworks */ = {isa = PBXBuildFile; fileRef = 005BC90814531CE60076D1FF /* AudioToolbox.framework */; };
		005BC90B14531CE60076D1FF /* AVFoundation.framework in Frameworks */ = {isa = PBXBuildFile; fileRef = 005BC90A14531CE60076D1FF /* AVFoundation.framework */; };
		005BC90D14531CE60076D1FF /* CoreLocation.framework in Frameworks */ = {isa = PBXBuildFile; fileRef = 005BC90C14531CE60076D1FF /* CoreLocation.framework */; };
		005BC90F14531CE60076D1FF /* MediaPlayer.framework in Frameworks */ = {isa = PBXBuildFile; fileRef = 005BC90E14531CE60076D1FF /* MediaPlayer.framework */; };
		005BC91114531CE60076D1FF /* QuartzCore.framework in Frameworks */ = {isa = PBXBuildFile; fileRef = 005BC91014531CE60076D1FF /* QuartzCore.framework */; };
		005BC91314531CE60076D1FF /* SystemConfiguration.framework in Frameworks */ = {isa = PBXBuildFile; fileRef = 005BC91214531CE60076D1FF /* SystemConfiguration.framework */; };
		005BC91514531CE60076D1FF /* MobileCoreServices.framework in Frameworks */ = {isa = PBXBuildFile; fileRef = 005BC91414531CE60076D1FF /* MobileCoreServices.framework */; };
		005BC91714531CE60076D1FF /* CoreMedia.framework in Frameworks */ = {isa = PBXBuildFile; fileRef = 005BC91614531CE60076D1FF /* CoreMedia.framework */; };
		005BC91D14531CE60076D1FF /* InfoPlist.strings in Resources */ = {isa = PBXBuildFile; fileRef = 005BC91B14531CE60076D1FF /* InfoPlist.strings */; };
		005BC91F14531CE60076D1FF /* main.m in Sources */ = {isa = PBXBuildFile; fileRef = 005BC91E14531CE60076D1FF /* main.m */; };
		005BC92214531CE60076D1FF /* PhoneGap.framework in Frameworks */ = {isa = PBXBuildFile; fileRef = 005BC92114531CE60076D1FF /* PhoneGap.framework */; };
		005BC92714531CE60076D1FF /* Localizable.strings in Resources */ = {isa = PBXBuildFile; fileRef = 005BC92514531CE60076D1FF /* Localizable.strings */; };
		005BC92B14531CE60076D1FF /* Localizable.strings in Resources */ = {isa = PBXBuildFile; fileRef = 005BC92914531CE60076D1FF /* Localizable.strings */; };
		005BC92E14531CE60076D1FF /* icon.png in Resources */ = {isa = PBXBuildFile; fileRef = 005BC92D14531CE60076D1FF /* icon.png */; };
		005BC93014531CE60076D1FF /* icon@2x.png in Resources */ = {isa = PBXBuildFile; fileRef = 005BC92F14531CE60076D1FF /* icon@2x.png */; };
		005BC93214531CE60076D1FF /* icon-72.png in Resources */ = {isa = PBXBuildFile; fileRef = 005BC93114531CE60076D1FF /* icon-72.png */; };
		005BC93514531CE60076D1FF /* Default.png in Resources */ = {isa = PBXBuildFile; fileRef = 005BC93414531CE60076D1FF /* Default.png */; };
		005BC93714531CE60076D1FF /* Default@2x.png in Resources */ = {isa = PBXBuildFile; fileRef = 005BC93614531CE60076D1FF /* Default@2x.png */; };
		005BC93914531CE60076D1FF /* Capture.bundle in Resources */ = {isa = PBXBuildFile; fileRef = 005BC93814531CE60076D1FF /* Capture.bundle */; };
		005BC93B14531CE60076D1FF /* PhoneGap.plist in Resources */ = {isa = PBXBuildFile; fileRef = 005BC93A14531CE60076D1FF /* PhoneGap.plist */; };
		005BC93F14531CE60076D1FF /* AppDelegate.m in Sources */ = {isa = PBXBuildFile; fileRef = 005BC93E14531CE60076D1FF /* AppDelegate.m */; };
		005BC94814531DD60076D1FF /* www in Resources */ = {isa = PBXBuildFile; fileRef = 005BC94714531DD60076D1FF /* www */; };
/* End PBXBuildFile section */

/* Begin PBXFileReference section */
		005BC8FA14531CE60076D1FF /* realtime.app */ = {isa = PBXFileReference; explicitFileType = wrapper.application; includeInIndex = 0; path = realtime.app; sourceTree = BUILT_PRODUCTS_DIR; };
		005BC8FE14531CE60076D1FF /* Foundation.framework */ = {isa = PBXFileReference; lastKnownFileType = wrapper.framework; name = Foundation.framework; path = System/Library/Frameworks/Foundation.framework; sourceTree = SDKROOT; };
		005BC90014531CE60076D1FF /* UIKit.framework */ = {isa = PBXFileReference; lastKnownFileType = wrapper.framework; name = UIKit.framework; path = System/Library/Frameworks/UIKit.framework; sourceTree = SDKROOT; };
		005BC90214531CE60076D1FF /* CoreGraphics.framework */ = {isa = PBXFileReference; lastKnownFileType = wrapper.framework; name = CoreGraphics.framework; path = System/Library/Frameworks/CoreGraphics.framework; sourceTree = SDKROOT; };
		005BC90414531CE60076D1FF /* AddressBook.framework */ = {isa = PBXFileReference; lastKnownFileType = wrapper.framework; name = AddressBook.framework; path = System/Library/Frameworks/AddressBook.framework; sourceTree = SDKROOT; };
		005BC90614531CE60076D1FF /* AddressBookUI.framework */ = {isa = PBXFileReference; lastKnownFileType = wrapper.framework; name = AddressBookUI.framework; path = System/Library/Frameworks/AddressBookUI.framework; sourceTree = SDKROOT; };
		005BC90814531CE60076D1FF /* AudioToolbox.framework */ = {isa = PBXFileReference; lastKnownFileType = wrapper.framework; name = AudioToolbox.framework; path = System/Library/Frameworks/AudioToolbox.framework; sourceTree = SDKROOT; };
		005BC90A14531CE60076D1FF /* AVFoundation.framework */ = {isa = PBXFileReference; lastKnownFileType = wrapper.framework; name = AVFoundation.framework; path = System/Library/Frameworks/AVFoundation.framework; sourceTree = SDKROOT; };
		005BC90C14531CE60076D1FF /* CoreLocation.framework */ = {isa = PBXFileReference; lastKnownFileType = wrapper.framework; name = CoreLocation.framework; path = System/Library/Frameworks/CoreLocation.framework; sourceTree = SDKROOT; };
		005BC90E14531CE60076D1FF /* MediaPlayer.framework */ = {isa = PBXFileReference; lastKnownFileType = wrapper.framework; name = MediaPlayer.framework; path = System/Library/Frameworks/MediaPlayer.framework; sourceTree = SDKROOT; };
		005BC91014531CE60076D1FF /* QuartzCore.framework */ = {isa = PBXFileReference; lastKnownFileType = wrapper.framework; name = QuartzCore.framework; path = System/Library/Frameworks/QuartzCore.framework; sourceTree = SDKROOT; };
		005BC91214531CE60076D1FF /* SystemConfiguration.framework */ = {isa = PBXFileReference; lastKnownFileType = wrapper.framework; name = SystemConfiguration.framework; path = System/Library/Frameworks/SystemConfiguration.framework; sourceTree = SDKROOT; };
		005BC91414531CE60076D1FF /* MobileCoreServices.framework */ = {isa = PBXFileReference; lastKnownFileType = wrapper.framework; name = MobileCoreServices.framework; path = System/Library/Frameworks/MobileCoreServices.framework; sourceTree = SDKROOT; };
		005BC91614531CE60076D1FF /* CoreMedia.framework */ = {isa = PBXFileReference; lastKnownFileType = wrapper.framework; name = CoreMedia.framework; path = System/Library/Frameworks/CoreMedia.framework; sourceTree = SDKROOT; };
		005BC91A14531CE60076D1FF /* realtime-Info.plist */ = {isa = PBXFileReference; lastKnownFileType = text.plist.xml; path = "realtime-Info.plist"; sourceTree = "<group>"; };
		005BC91C14531CE60076D1FF /* en */ = {isa = PBXFileReference; lastKnownFileType = text.plist.strings; name = en; path = en.lproj/InfoPlist.strings; sourceTree = "<group>"; };
		005BC91E14531CE60076D1FF /* main.m */ = {isa = PBXFileReference; lastKnownFileType = sourcecode.c.objc; path = main.m; sourceTree = "<group>"; };
		005BC92014531CE60076D1FF /* realtime-Prefix.pch */ = {isa = PBXFileReference; lastKnownFileType = sourcecode.c.h; path = "realtime-Prefix.pch"; sourceTree = "<group>"; };
		005BC92114531CE60076D1FF /* PhoneGap.framework */ = {isa = PBXFileReference; lastKnownFileType = wrapper.framework; name = PhoneGap.framework; path = /Users/Shared/PhoneGap/Frameworks/PhoneGap.framework; sourceTree = "<absolute>"; };
		005BC92614531CE60076D1FF /* en */ = {isa = PBXFileReference; lastKnownFileType = text.plist.strings; name = en; path = Resources/en.lproj/Localizable.strings; sourceTree = "<group>"; };
		005BC92A14531CE60076D1FF /* es */ = {isa = PBXFileReference; lastKnownFileType = text.plist.strings; name = es; path = Resources/es.lproj/Localizable.strings; sourceTree = "<group>"; };
		005BC92D14531CE60076D1FF /* icon.png */ = {isa = PBXFileReference; lastKnownFileType = image.png; name = icon.png; path = Resources/icons/icon.png; sourceTree = "<group>"; };
		005BC92F14531CE60076D1FF /* icon@2x.png */ = {isa = PBXFileReference; lastKnownFileType = image.png; name = "icon@2x.png"; path = "Resources/icons/icon@2x.png"; sourceTree = "<group>"; };
		005BC93114531CE60076D1FF /* icon-72.png */ = {isa = PBXFileReference; lastKnownFileType = image.png; name = "icon-72.png"; path = "Resources/icons/icon-72.png"; sourceTree = "<group>"; };
		005BC93414531CE60076D1FF /* Default.png */ = {isa = PBXFileReference; lastKnownFileType = image.png; name = Default.png; path = Resources/splash/Default.png; sourceTree = "<group>"; };
		005BC93614531CE60076D1FF /* Default@2x.png */ = {isa = PBXFileReference; lastKnownFileType = image.png; name = "Default@2x.png"; path = "Resources/splash/Default@2x.png"; sourceTree = "<group>"; };
		005BC93814531CE60076D1FF /* Capture.bundle */ = {isa = PBXFileReference; lastKnownFileType = "wrapper.plug-in"; name = Capture.bundle; path = Resources/Capture.bundle; sourceTree = "<group>"; };
		005BC93A14531CE60076D1FF /* PhoneGap.plist */ = {isa = PBXFileReference; lastKnownFileType = text.plist.xml; path = PhoneGap.plist; sourceTree = "<group>"; };
		005BC93D14531CE60076D1FF /* AppDelegate.h */ = {isa = PBXFileReference; lastKnownFileType = sourcecode.c.h; name = AppDelegate.h; path = Classes/AppDelegate.h; sourceTree = "<group>"; };
		005BC93E14531CE60076D1FF /* AppDelegate.m */ = {isa = PBXFileReference; lastKnownFileType = sourcecode.c.objc; name = AppDelegate.m; path = Classes/AppDelegate.m; sourceTree = "<group>"; };
		005BC94114531CE60076D1FF /* README */ = {isa = PBXFileReference; lastKnownFileType = text; name = README; path = Plugins/README; sourceTree = "<group>"; };
		005BC94714531DD60076D1FF /* www */ = {isa = PBXFileReference; lastKnownFileType = folder; path = www; sourceTree = "<group>"; };
/* End PBXFileReference section */

/* Begin PBXFrameworksBuildPhase section */
		005BC8F414531CE60076D1FF /* Frameworks */ = {
			isa = PBXFrameworksBuildPhase;
			buildActionMask = 2147483647;
			files = (
				005BC8FF14531CE60076D1FF /* Foundation.framework in Frameworks */,
				005BC90114531CE60076D1FF /* UIKit.framework in Frameworks */,
				005BC90314531CE60076D1FF /* CoreGraphics.framework in Frameworks */,
				005BC90514531CE60076D1FF /* AddressBook.framework in Frameworks */,
				005BC90714531CE60076D1FF /* AddressBookUI.framework in Frameworks */,
				005BC90914531CE60076D1FF /* AudioToolbox.framework in Frameworks */,
				005BC90B14531CE60076D1FF /* AVFoundation.framework in Frameworks */,
				005BC90D14531CE60076D1FF /* CoreLocation.framework in Frameworks */,
				005BC90F14531CE60076D1FF /* MediaPlayer.framework in Frameworks */,
				005BC91114531CE60076D1FF /* QuartzCore.framework in Frameworks */,
				005BC91314531CE60076D1FF /* SystemConfiguration.framework in Frameworks */,
				005BC91514531CE60076D1FF /* MobileCoreServices.framework in Frameworks */,
				005BC91714531CE60076D1FF /* CoreMedia.framework in Frameworks */,
				005BC92214531CE60076D1FF /* PhoneGap.framework in Frameworks */,
			);
			runOnlyForDeploymentPostprocessing = 0;
		};
		005BC8F714531CE60076D1FF /* Frameworks */ = {
			isa = PBXFrameworksBuildPhase;
			buildActionMask = 2147483647;
			files = (
			);
			runOnlyForDeploymentPostprocessing = 0;
		};
/* End PBXFrameworksBuildPhase section */

/* Begin PBXGroup section */
		005BC8EC14531CE60076D1FF = {
			isa = PBXGroup;
			children = (
				005BC94714531DD60076D1FF /* www */,
				005BC91814531CE60076D1FF /* realtime */,
				005BC8FD14531CE60076D1FF /* Frameworks */,
				005BC8FB14531CE60076D1FF /* Products */,
			);
			sourceTree = "<group>";
		};
		005BC8FB14531CE60076D1FF /* Products */ = {
			isa = PBXGroup;
			children = (
				005BC8FA14531CE60076D1FF /* realtime.app */,
			);
			name = Products;
			sourceTree = "<group>";
		};
		005BC8FD14531CE60076D1FF /* Frameworks */ = {
			isa = PBXGroup;
			children = (
				005BC8FE14531CE60076D1FF /* Foundation.framework */,
				005BC90014531CE60076D1FF /* UIKit.framework */,
				005BC90214531CE60076D1FF /* CoreGraphics.framework */,
				005BC90414531CE60076D1FF /* AddressBook.framework */,
				005BC90614531CE60076D1FF /* AddressBookUI.framework */,
				005BC90814531CE60076D1FF /* AudioToolbox.framework */,
				005BC90A14531CE60076D1FF /* AVFoundation.framework */,
				005BC90C14531CE60076D1FF /* CoreLocation.framework */,
				005BC90E14531CE60076D1FF /* MediaPlayer.framework */,
				005BC91014531CE60076D1FF /* QuartzCore.framework */,
				005BC91214531CE60076D1FF /* SystemConfiguration.framework */,
				005BC91414531CE60076D1FF /* MobileCoreServices.framework */,
				005BC91614531CE60076D1FF /* CoreMedia.framework */,
			);
			name = Frameworks;
			sourceTree = "<group>";
		};
		005BC91814531CE60076D1FF /* realtime */ = {
			isa = PBXGroup;
			children = (
				005BC92114531CE60076D1FF /* PhoneGap.framework */,
				005BC92314531CE60076D1FF /* Resources */,
				005BC93C14531CE60076D1FF /* Classes */,
				005BC94014531CE60076D1FF /* Plugins */,
				005BC91914531CE60076D1FF /* Supporting Files */,
			);
			path = realtime;
			sourceTree = "<group>";
		};
		005BC91914531CE60076D1FF /* Supporting Files */ = {
			isa = PBXGroup;
			children = (
				005BC91A14531CE60076D1FF /* realtime-Info.plist */,
				005BC91B14531CE60076D1FF /* InfoPlist.strings */,
				005BC91E14531CE60076D1FF /* main.m */,
				005BC92014531CE60076D1FF /* realtime-Prefix.pch */,
				005BC93A14531CE60076D1FF /* PhoneGap.plist */,
			);
			name = "Supporting Files";
			sourceTree = "<group>";
		};
		005BC92314531CE60076D1FF /* Resources */ = {
			isa = PBXGroup;
			children = (
				005BC93814531CE60076D1FF /* Capture.bundle */,
				005BC92414531CE60076D1FF /* en.lproj */,
				005BC92814531CE60076D1FF /* es.lproj */,
				005BC92C14531CE60076D1FF /* icons */,
				005BC93314531CE60076D1FF /* splash */,
			);
			name = Resources;
			sourceTree = "<group>";
		};
		005BC92414531CE60076D1FF /* en.lproj */ = {
			isa = PBXGroup;
			children = (
				005BC92514531CE60076D1FF /* Localizable.strings */,
			);
			name = en.lproj;
			sourceTree = "<group>";
		};
		005BC92814531CE60076D1FF /* es.lproj */ = {
			isa = PBXGroup;
			children = (
				005BC92914531CE60076D1FF /* Localizable.strings */,
			);
			name = es.lproj;
			sourceTree = "<group>";
		};
		005BC92C14531CE60076D1FF /* icons */ = {
			isa = PBXGroup;
			children = (
				005BC92D14531CE60076D1FF /* icon.png */,
				005BC92F14531CE60076D1FF /* icon@2x.png */,
				005BC93114531CE60076D1FF /* icon-72.png */,
			);
			name = icons;
			sourceTree = "<group>";
		};
		005BC93314531CE60076D1FF /* splash */ = {
			isa = PBXGroup;
			children = (
				005BC93414531CE60076D1FF /* Default.png */,
				005BC93614531CE60076D1FF /* Default@2x.png */,
			);
			name = splash;
			sourceTree = "<group>";
		};
		005BC93C14531CE60076D1FF /* Classes */ = {
			isa = PBXGroup;
			children = (
				005BC93D14531CE60076D1FF /* AppDelegate.h */,
				005BC93E14531CE60076D1FF /* AppDelegate.m */,
			);
			name = Classes;
			sourceTree = "<group>";
		};
		005BC94014531CE60076D1FF /* Plugins */ = {
			isa = PBXGroup;
			children = (
				005BC94114531CE60076D1FF /* README */,
			);
			name = Plugins;
			sourceTree = "<group>";
		};
/* End PBXGroup section */

/* Begin PBXNativeTarget section */
		005BC8F914531CE60076D1FF /* realtime */ = {
			isa = PBXNativeTarget;
			buildConfigurationList = 005BC94414531CE60076D1FF /* Build configuration list for PBXNativeTarget "realtime" */;
			buildPhases = (
				005BC8F314531CE60076D1FF /* Sources */,
				005BC8F414531CE60076D1FF /* Frameworks */,
				005BC8F514531CE60076D1FF /* Resources */,
				005BC8F614531CE60076D1FF /* Sources */,
				005BC8F714531CE60076D1FF /* Frameworks */,
				005BC8F814531CE60076D1FF /* ShellScript */,
			);
			buildRules = (
			);
			dependencies = (
			);
			name = realtime;
			productName = realtime;
			productReference = 005BC8FA14531CE60076D1FF /* realtime.app */;
			productType = "com.apple.product-type.application";
		};
/* End PBXNativeTarget section */

/* Begin PBXProject section */
		005BC8EE14531CE60076D1FF /* Project object */ = {
			isa = PBXProject;
			attributes = {
				LastUpgradeCheck = 0420;
			};
			buildConfigurationList = 005BC8F114531CE60076D1FF /* Build configuration list for PBXProject "realtime" */;
			compatibilityVersion = "Xcode 3.2";
			developmentRegion = English;
			hasScannedForEncodings = 0;
			knownRegions = (
				en,
				es,
			);
			mainGroup = 005BC8EC14531CE60076D1FF;
			productRefGroup = 005BC8FB14531CE60076D1FF /* Products */;
			projectDirPath = "";
			projectRoot = "";
			targets = (
				005BC8F914531CE60076D1FF /* realtime */,
			);
		};
/* End PBXProject section */

/* Begin PBXResourcesBuildPhase section */
		005BC8F514531CE60076D1FF /* Resources */ = {
			isa = PBXResourcesBuildPhase;
			buildActionMask = 2147483647;
			files = (
				005BC91D14531CE60076D1FF /* InfoPlist.strings in Resources */,
				005BC92714531CE60076D1FF /* Localizable.strings in Resources */,
				005BC92B14531CE60076D1FF /* Localizable.strings in Resources */,
				005BC92E14531CE60076D1FF /* icon.png in Resources */,
				005BC93014531CE60076D1FF /* icon@2x.png in Resources */,
				005BC93214531CE60076D1FF /* icon-72.png in Resources */,
				005BC93514531CE60076D1FF /* Default.png in Resources */,
				005BC93714531CE60076D1FF /* Default@2x.png in Resources */,
				005BC93914531CE60076D1FF /* Capture.bundle in Resources */,
				005BC93B14531CE60076D1FF /* PhoneGap.plist in Resources */,
				005BC94814531DD60076D1FF /* www in Resources */,
			);
			runOnlyForDeploymentPostprocessing = 0;
		};
/* End PBXResourcesBuildPhase section */

/* Begin PBXShellScriptBuildPhase section */
		005BC8F814531CE60076D1FF /* ShellScript */ = {
			isa = PBXShellScriptBuildPhase;
			buildActionMask = 2147483647;
			files = (
			);
			inputPaths = (
			);
			outputPaths = (
			);
			runOnlyForDeploymentPostprocessing = 0;
			shellPath = /bin/bash;
			shellScript = "\n\t\t\t\t\t\t\t\tif [ ! -d \"$PROJECT_DIR/www\" ] ; then\n\t\t\t\t\t\t\t\t\tcp -R /Users/Shared/PhoneGap/Frameworks/PhoneGap.framework/www \"$PROJECT_DIR\"\n\t\t\t\t\t\t\t\tfi\n\t\t\t\t\t\t\t\t# detect www folder reference in project, if missing, print warning\n\t\t\t\t\t\t\t\tgrep \"{isa = PBXFileReference; lastKnownFileType = folder; path = www; sourceTree = \\\"<group>\\\"; };\" \"$PROJECT_DIR/$PROJECT_NAME.xcodeproj/project.pbxproj\"\n\t\t\t\t\t\t\t\trc=$? \n\t\t\t\t\t\t\t\tif [ $rc != 0 ] ; then\n\t\t\t\t\t\t\t\techo -e \"warning: Missing - Add $PROJECT_DIR/www as a folder reference in your project. Just drag and drop the folder into your project, in Xcode 4.\" 1>&2\n\t\t\t\t\t\t\t\tfi\t\t\t\t\t\t\t";
		};
/* End PBXShellScriptBuildPhase section */

/* Begin PBXSourcesBuildPhase section */
		005BC8F314531CE60076D1FF /* Sources */ = {
			isa = PBXSourcesBuildPhase;
			buildActionMask = 2147483647;
			files = (
				005BC91F14531CE60076D1FF /* main.m in Sources */,
				005BC93F14531CE60076D1FF /* AppDelegate.m in Sources */,
			);
			runOnlyForDeploymentPostprocessing = 0;
		};
		005BC8F614531CE60076D1FF /* Sources */ = {
			isa = PBXSourcesBuildPhase;
			buildActionMask = 2147483647;
			files = (
			);
			runOnlyForDeploymentPostprocessing = 0;
		};
/* End PBXSourcesBuildPhase section */

/* Begin PBXVariantGroup section */
		005BC91B14531CE60076D1FF /* InfoPlist.strings */ = {
			isa = PBXVariantGroup;
			children = (
				005BC91C14531CE60076D1FF /* en */,
			);
			name = InfoPlist.strings;
			sourceTree = "<group>";
		};
		005BC92514531CE60076D1FF /* Localizable.strings */ = {
			isa = PBXVariantGroup;
			children = (
				005BC92614531CE60076D1FF /* en */,
			);
			name = Localizable.strings;
			sourceTree = "<group>";
		};
		005BC92914531CE60076D1FF /* Localizable.strings */ = {
			isa = PBXVariantGroup;
			children = (
				005BC92A14531CE60076D1FF /* es */,
			);
			name = Localizable.strings;
			sourceTree = "<group>";
		};
/* End PBXVariantGroup section */

/* Begin XCBuildConfiguration section */
		005BC94214531CE60076D1FF /* Debug */ = {
			isa = XCBuildConfiguration;
			buildSettings = {
				ALWAYS_SEARCH_USER_PATHS = NO;
				ARCHS = "$(ARCHS_STANDARD_32_BIT)";
				CLANG_ENABLE_OBJC_ARC = YES;
				"CODE_SIGN_IDENTITY[sdk=iphoneos*]" = "iPhone Developer";
				COPY_PHASE_STRIP = NO;
				GCC_C_LANGUAGE_STANDARD = gnu99;
				GCC_DYNAMIC_NO_PIC = NO;
				GCC_OPTIMIZATION_LEVEL = 0;
				GCC_PREPROCESSOR_DEFINITIONS = (
					"DEBUG=1",
					"$(inherited)",
				);
				GCC_SYMBOLS_PRIVATE_EXTERN = NO;
				GCC_VERSION = com.apple.compilers.llvmgcc42;
				GCC_WARN_ABOUT_MISSING_PROTOTYPES = YES;
				GCC_WARN_ABOUT_RETURN_TYPE = YES;
				GCC_WARN_UNUSED_VARIABLE = YES;
				IPHONEOS_DEPLOYMENT_TARGET = 3.1;
				SDKROOT = iphoneos;
			};
			name = Debug;
		};
		005BC94314531CE60076D1FF /* Release */ = {
			isa = XCBuildConfiguration;
			buildSettings = {
				ALWAYS_SEARCH_USER_PATHS = NO;
				ARCHS = "$(ARCHS_STANDARD_32_BIT)";
				CLANG_ENABLE_OBJC_ARC = YES;
				"CODE_SIGN_IDENTITY[sdk=iphoneos*]" = "iPhone Developer";
				COPY_PHASE_STRIP = YES;
				GCC_C_LANGUAGE_STANDARD = gnu99;
				GCC_VERSION = com.apple.compilers.llvmgcc42;
				GCC_WARN_ABOUT_MISSING_PROTOTYPES = YES;
				GCC_WARN_ABOUT_RETURN_TYPE = YES;
				GCC_WARN_UNUSED_VARIABLE = YES;
				IPHONEOS_DEPLOYMENT_TARGET = 3.1;
				SDKROOT = iphoneos;
				VALIDATE_PRODUCT = YES;
			};
			name = Release;
		};
		005BC94514531CE60076D1FF /* Debug */ = {
			isa = XCBuildConfiguration;
			buildSettings = {
				ALWAYS_SEARCH_USER_PATHS = YES;
				COPY_PHASE_STRIP = NO;
				FRAMEWORK_SEARCH_PATHS = /Users/Shared/PhoneGap/Frameworks;
				GCC_DYNAMIC_NO_PIC = NO;
				GCC_PRECOMPILE_PREFIX_HEADER = YES;
				GCC_PREFIX_HEADER = "realtime/realtime-Prefix.pch";
				GCC_PREPROCESSOR_DEFINITIONS = "PHONEGAP_FRAMEWORK=YES";
				INFOPLIST_FILE = "realtime/realtime-Info.plist";
				IPHONEOS_DEPLOYMENT_TARGET = 3.1;
				PRODUCT_NAME = "$(TARGET_NAME)";
				WRAPPER_EXTENSION = app;
			};
			name = Debug;
		};
		005BC94614531CE60076D1FF /* Release */ = {
			isa = XCBuildConfiguration;
			buildSettings = {
				ALWAYS_SEARCH_USER_PATHS = YES;
				COPY_PHASE_STRIP = YES;
				DEBUG_INFORMATION_FORMAT = "dwarf-with-dsym";
				FRAMEWORK_SEARCH_PATHS = /Users/Shared/PhoneGap/Frameworks;
				GCC_PRECOMPILE_PREFIX_HEADER = YES;
				GCC_PREFIX_HEADER = "realtime/realtime-Prefix.pch";
				GCC_PREPROCESSOR_DEFINITIONS = "PHONEGAP_FRAMEWORK=YES";
				INFOPLIST_FILE = "realtime/realtime-Info.plist";
				IPHONEOS_DEPLOYMENT_TARGET = 3.1;
				PRODUCT_NAME = "$(TARGET_NAME)";
				VALIDATE_PRODUCT = YES;
				WRAPPER_EXTENSION = app;
			};
			name = Release;
		};
/* End XCBuildConfiguration section */

/* Begin XCConfigurationList section */
		005BC8F114531CE60076D1FF /* Build configuration list for PBXProject "realtime" */ = {
			isa = XCConfigurationList;
			buildConfigurations = (
				005BC94214531CE60076D1FF /* Debug */,
				005BC94314531CE60076D1FF /* Release */,
			);
			defaultConfigurationIsVisible = 0;
			defaultConfigurationName = Release;
		};
		005BC94414531CE60076D1FF /* Build configuration list for PBXNativeTarget "realtime" */ = {
			isa = XCConfigurationList;
			buildConfigurations = (
				005BC94514531CE60076D1FF /* Debug */,
				005BC94614531CE60076D1FF /* Release */,
			);
			defaultConfigurationIsVisible = 0;
		};
/* End XCConfigurationList section */
	};
	rootObject = 005BC8EE14531CE60076D1FF /* Project object */;
}
