// !$*UTF8*$!
{
	archiveVersion = 1;
	classes = {
	};
	objectVersion = 46;
	objects = {

/* Begin PBXBuildFile section */
		0033F03B14A3B71D002D634E /* iPad_icon_72_72.png in Resources */ = {isa = PBXBuildFile; fileRef = 0033F03414A3B71D002D634E /* iPad_icon_72_72.png */; };
		0033F03E14A3B71D002D634E /* iPhone_icon_57_57.png in Resources */ = {isa = PBXBuildFile; fileRef = 0033F03714A3B71D002D634E /* iPhone_icon_57_57.png */; };
		0033F03F14A3B71D002D634E /* iPhone_icon_114_114.png in Resources */ = {isa = PBXBuildFile; fileRef = 0033F03814A3B71D002D634E /* iPhone_icon_114_114.png */; };
		0033F04314A3B753002D634E /* Default.png in Resources */ = {isa = PBXBuildFile; fileRef = 0033F04214A3B752002D634E /* Default.png */; };
		0033F04514A3B75C002D634E /* Default@2x.png in Resources */ = {isa = PBXBuildFile; fileRef = 0033F04414A3B75C002D634E /* Default@2x.png */; };
		0033F04714A3B78C002D634E /* Default-Portrait~ipad.png in Resources */ = {isa = PBXBuildFile; fileRef = 0033F04614A3B78C002D634E /* Default-Portrait~ipad.png */; };
		0033F04914A3B796002D634E /* Default-Landscape~ipad.png in Resources */ = {isa = PBXBuildFile; fileRef = 0033F04814A3B796002D634E /* Default-Landscape~ipad.png */; };
		0055D44714995F680085FAB9 /* iTunesArtwork in Resources */ = {isa = PBXBuildFile; fileRef = 0055D44614995F680085FAB9 /* iTunesArtwork */; };
		00564B5F1498666500A8E69A /* README in Resources */ = {isa = PBXBuildFile; fileRef = 00564B5E1498666500A8E69A /* README */; };
		006867421497E017001F5253 /* Foundation.framework in Frameworks */ = {isa = PBXBuildFile; fileRef = 006867411497E017001F5253 /* Foundation.framework */; };
		006867441497E017001F5253 /* UIKit.framework in Frameworks */ = {isa = PBXBuildFile; fileRef = 006867431497E017001F5253 /* UIKit.framework */; };
		006867461497E017001F5253 /* CoreGraphics.framework in Frameworks */ = {isa = PBXBuildFile; fileRef = 006867451497E017001F5253 /* CoreGraphics.framework */; };
		006867481497E017001F5253 /* AddressBook.framework in Frameworks */ = {isa = PBXBuildFile; fileRef = 006867471497E017001F5253 /* AddressBook.framework */; };
		0068674A1497E017001F5253 /* AddressBookUI.framework in Frameworks */ = {isa = PBXBuildFile; fileRef = 006867491497E017001F5253 /* AddressBookUI.framework */; };
		0068674C1497E017001F5253 /* AudioToolbox.framework in Frameworks */ = {isa = PBXBuildFile; fileRef = 0068674B1497E017001F5253 /* AudioToolbox.framework */; };
		0068674E1497E017001F5253 /* AVFoundation.framework in Frameworks */ = {isa = PBXBuildFile; fileRef = 0068674D1497E017001F5253 /* AVFoundation.framework */; };
		006867501497E017001F5253 /* CoreLocation.framework in Frameworks */ = {isa = PBXBuildFile; fileRef = 0068674F1497E017001F5253 /* CoreLocation.framework */; };
		006867521497E017001F5253 /* MediaPlayer.framework in Frameworks */ = {isa = PBXBuildFile; fileRef = 006867511497E017001F5253 /* MediaPlayer.framework */; };
		006867541497E017001F5253 /* QuartzCore.framework in Frameworks */ = {isa = PBXBuildFile; fileRef = 006867531497E017001F5253 /* QuartzCore.framework */; };
		006867561497E017001F5253 /* SystemConfiguration.framework in Frameworks */ = {isa = PBXBuildFile; fileRef = 006867551497E017001F5253 /* SystemConfiguration.framework */; };
		006867581497E017001F5253 /* MobileCoreServices.framework in Frameworks */ = {isa = PBXBuildFile; fileRef = 006867571497E017001F5253 /* MobileCoreServices.framework */; };
		0068675A1497E017001F5253 /* CoreMedia.framework in Frameworks */ = {isa = PBXBuildFile; fileRef = 006867591497E017001F5253 /* CoreMedia.framework */; };
		006867601497E017001F5253 /* InfoPlist.strings in Resources */ = {isa = PBXBuildFile; fileRef = 0068675E1497E017001F5253 /* InfoPlist.strings */; };
		006867621497E017001F5253 /* main.m in Sources */ = {isa = PBXBuildFile; fileRef = 006867611497E017001F5253 /* main.m */; };
		006867651497E017001F5253 /* PhoneGap.framework in Frameworks */ = {isa = PBXBuildFile; fileRef = 006867641497E017001F5253 /* PhoneGap.framework */; };
		0068676A1497E017001F5253 /* Localizable.strings in Resources */ = {isa = PBXBuildFile; fileRef = 006867681497E017001F5253 /* Localizable.strings */; };
		0068676E1497E017001F5253 /* Localizable.strings in Resources */ = {isa = PBXBuildFile; fileRef = 0068676C1497E017001F5253 /* Localizable.strings */; };
		006867711497E017001F5253 /* icon.png in Resources */ = {isa = PBXBuildFile; fileRef = 006867701497E017001F5253 /* icon.png */; };
		006867731497E017001F5253 /* icon@2x.png in Resources */ = {isa = PBXBuildFile; fileRef = 006867721497E017001F5253 /* icon@2x.png */; };
		006867751497E017001F5253 /* icon-72.png in Resources */ = {isa = PBXBuildFile; fileRef = 006867741497E017001F5253 /* icon-72.png */; };
		0068677C1497E017001F5253 /* Capture.bundle in Resources */ = {isa = PBXBuildFile; fileRef = 0068677B1497E017001F5253 /* Capture.bundle */; };
		0068677E1497E017001F5253 /* PhoneGap.plist in Resources */ = {isa = PBXBuildFile; fileRef = 0068677D1497E017001F5253 /* PhoneGap.plist */; };
		006867821497E017001F5253 /* AppDelegate.m in Sources */ = {isa = PBXBuildFile; fileRef = 006867811497E017001F5253 /* AppDelegate.m */; };
		0068678D1497E1DD001F5253 /* www in Resources */ = {isa = PBXBuildFile; fileRef = 0068678C1497E1DD001F5253 /* www */; };
/* End PBXBuildFile section */

/* Begin PBXFileReference section */
		0033F03414A3B71D002D634E /* iPad_icon_72_72.png */ = {isa = PBXFileReference; lastKnownFileType = image.png; path = iPad_icon_72_72.png; sourceTree = "<group>"; };
		0033F03714A3B71D002D634E /* iPhone_icon_57_57.png */ = {isa = PBXFileReference; lastKnownFileType = image.png; path = iPhone_icon_57_57.png; sourceTree = "<group>"; };
		0033F03814A3B71D002D634E /* iPhone_icon_114_114.png */ = {isa = PBXFileReference; lastKnownFileType = image.png; path = iPhone_icon_114_114.png; sourceTree = "<group>"; };
		0033F04214A3B752002D634E /* Default.png */ = {isa = PBXFileReference; lastKnownFileType = image.png; path = Default.png; sourceTree = "<group>"; };
		0033F04414A3B75C002D634E /* Default@2x.png */ = {isa = PBXFileReference; lastKnownFileType = image.png; path = "Default@2x.png"; sourceTree = "<group>"; };
		0033F04614A3B78C002D634E /* Default-Portrait~ipad.png */ = {isa = PBXFileReference; lastKnownFileType = image.png; path = "Default-Portrait~ipad.png"; sourceTree = "<group>"; };
		0033F04814A3B796002D634E /* Default-Landscape~ipad.png */ = {isa = PBXFileReference; lastKnownFileType = image.png; path = "Default-Landscape~ipad.png"; sourceTree = "<group>"; };
		0055D44614995F680085FAB9 /* iTunesArtwork */ = {isa = PBXFileReference; lastKnownFileType = text; path = iTunesArtwork; sourceTree = "<group>"; };
		00564B5E1498666500A8E69A /* README */ = {isa = PBXFileReference; fileEncoding = 4; lastKnownFileType = text; path = README; sourceTree = "<group>"; };
		0068673D1497E017001F5253 /* Flowchart.app */ = {isa = PBXFileReference; explicitFileType = wrapper.application; includeInIndex = 0; path = Flowchart.app; sourceTree = BUILT_PRODUCTS_DIR; };
		006867411497E017001F5253 /* Foundation.framework */ = {isa = PBXFileReference; lastKnownFileType = wrapper.framework; name = Foundation.framework; path = System/Library/Frameworks/Foundation.framework; sourceTree = SDKROOT; };
		006867431497E017001F5253 /* UIKit.framework */ = {isa = PBXFileReference; lastKnownFileType = wrapper.framework; name = UIKit.framework; path = System/Library/Frameworks/UIKit.framework; sourceTree = SDKROOT; };
		006867451497E017001F5253 /* CoreGraphics.framework */ = {isa = PBXFileReference; lastKnownFileType = wrapper.framework; name = CoreGraphics.framework; path = System/Library/Frameworks/CoreGraphics.framework; sourceTree = SDKROOT; };
		006867471497E017001F5253 /* AddressBook.framework */ = {isa = PBXFileReference; lastKnownFileType = wrapper.framework; name = AddressBook.framework; path = System/Library/Frameworks/AddressBook.framework; sourceTree = SDKROOT; };
		006867491497E017001F5253 /* AddressBookUI.framework */ = {isa = PBXFileReference; lastKnownFileType = wrapper.framework; name = AddressBookUI.framework; path = System/Library/Frameworks/AddressBookUI.framework; sourceTree = SDKROOT; };
		0068674B1497E017001F5253 /* AudioToolbox.framework */ = {isa = PBXFileReference; lastKnownFileType = wrapper.framework; name = AudioToolbox.framework; path = System/Library/Frameworks/AudioToolbox.framework; sourceTree = SDKROOT; };
		0068674D1497E017001F5253 /* AVFoundation.framework */ = {isa = PBXFileReference; lastKnownFileType = wrapper.framework; name = AVFoundation.framework; path = System/Library/Frameworks/AVFoundation.framework; sourceTree = SDKROOT; };
		0068674F1497E017001F5253 /* CoreLocation.framework */ = {isa = PBXFileReference; lastKnownFileType = wrapper.framework; name = CoreLocation.framework; path = System/Library/Frameworks/CoreLocation.framework; sourceTree = SDKROOT; };
		006867511497E017001F5253 /* MediaPlayer.framework */ = {isa = PBXFileReference; lastKnownFileType = wrapper.framework; name = MediaPlayer.framework; path = System/Library/Frameworks/MediaPlayer.framework; sourceTree = SDKROOT; };
		006867531497E017001F5253 /* QuartzCore.framework */ = {isa = PBXFileReference; lastKnownFileType = wrapper.framework; name = QuartzCore.framework; path = System/Library/Frameworks/QuartzCore.framework; sourceTree = SDKROOT; };
		006867551497E017001F5253 /* SystemConfiguration.framework */ = {isa = PBXFileReference; lastKnownFileType = wrapper.framework; name = SystemConfiguration.framework; path = System/Library/Frameworks/SystemConfiguration.framework; sourceTree = SDKROOT; };
		006867571497E017001F5253 /* MobileCoreServices.framework */ = {isa = PBXFileReference; lastKnownFileType = wrapper.framework; name = MobileCoreServices.framework; path = System/Library/Frameworks/MobileCoreServices.framework; sourceTree = SDKROOT; };
		006867591497E017001F5253 /* CoreMedia.framework */ = {isa = PBXFileReference; lastKnownFileType = wrapper.framework; name = CoreMedia.framework; path = System/Library/Frameworks/CoreMedia.framework; sourceTree = SDKROOT; };
		0068675D1497E017001F5253 /* Flowchart-Info.plist */ = {isa = PBXFileReference; lastKnownFileType = text.plist.xml; path = "Flowchart-Info.plist"; sourceTree = "<group>"; };
		0068675F1497E017001F5253 /* en */ = {isa = PBXFileReference; lastKnownFileType = text.plist.strings; name = en; path = en.lproj/InfoPlist.strings; sourceTree = "<group>"; };
		006867611497E017001F5253 /* main.m */ = {isa = PBXFileReference; lastKnownFileType = sourcecode.c.objc; path = main.m; sourceTree = "<group>"; };
		006867631497E017001F5253 /* Flowchart-Prefix.pch */ = {isa = PBXFileReference; lastKnownFileType = sourcecode.c.h; path = "Flowchart-Prefix.pch"; sourceTree = "<group>"; };
		006867641497E017001F5253 /* PhoneGap.framework */ = {isa = PBXFileReference; lastKnownFileType = wrapper.framework; name = PhoneGap.framework; path = /Users/Shared/PhoneGap/Frameworks/PhoneGap.framework; sourceTree = "<absolute>"; };
		006867691497E017001F5253 /* en */ = {isa = PBXFileReference; lastKnownFileType = text.plist.strings; name = en; path = Resources/en.lproj/Localizable.strings; sourceTree = "<group>"; };
		0068676D1497E017001F5253 /* es */ = {isa = PBXFileReference; lastKnownFileType = text.plist.strings; name = es; path = Resources/es.lproj/Localizable.strings; sourceTree = "<group>"; };
		006867701497E017001F5253 /* icon.png */ = {isa = PBXFileReference; lastKnownFileType = image.png; name = icon.png; path = Resources/icons/icon.png; sourceTree = "<group>"; };
		006867721497E017001F5253 /* icon@2x.png */ = {isa = PBXFileReference; lastKnownFileType = image.png; name = "icon@2x.png"; path = "Resources/icons/icon@2x.png"; sourceTree = "<group>"; };
		006867741497E017001F5253 /* icon-72.png */ = {isa = PBXFileReference; lastKnownFileType = image.png; name = "icon-72.png"; path = "Resources/icons/icon-72.png"; sourceTree = "<group>"; };
		0068677B1497E017001F5253 /* Capture.bundle */ = {isa = PBXFileReference; lastKnownFileType = "wrapper.plug-in"; name = Capture.bundle; path = Resources/Capture.bundle; sourceTree = "<group>"; };
		0068677D1497E017001F5253 /* PhoneGap.plist */ = {isa = PBXFileReference; lastKnownFileType = text.plist.xml; path = PhoneGap.plist; sourceTree = "<group>"; };
		006867801497E017001F5253 /* AppDelegate.h */ = {isa = PBXFileReference; lastKnownFileType = sourcecode.c.h; name = AppDelegate.h; path = Classes/AppDelegate.h; sourceTree = "<group>"; };
		006867811497E017001F5253 /* AppDelegate.m */ = {isa = PBXFileReference; lastKnownFileType = sourcecode.c.objc; name = AppDelegate.m; path = Classes/AppDelegate.m; sourceTree = "<group>"; };
		006867841497E017001F5253 /* README */ = {isa = PBXFileReference; lastKnownFileType = text; name = README; path = Plugins/README; sourceTree = "<group>"; };
		0068678C1497E1DD001F5253 /* www */ = {isa = PBXFileReference; lastKnownFileType = folder; path = www; sourceTree = "<group>"; };
/* End PBXFileReference section */

/* Begin PBXFrameworksBuildPhase section */
		006867371497E017001F5253 /* Frameworks */ = {
			isa = PBXFrameworksBuildPhase;
			buildActionMask = 2147483647;
			files = (
				006867421497E017001F5253 /* Foundation.framework in Frameworks */,
				006867441497E017001F5253 /* UIKit.framework in Frameworks */,
				006867461497E017001F5253 /* CoreGraphics.framework in Frameworks */,
				006867481497E017001F5253 /* AddressBook.framework in Frameworks */,
				0068674A1497E017001F5253 /* AddressBookUI.framework in Frameworks */,
				0068674C1497E017001F5253 /* AudioToolbox.framework in Frameworks */,
				0068674E1497E017001F5253 /* AVFoundation.framework in Frameworks */,
				006867501497E017001F5253 /* CoreLocation.framework in Frameworks */,
				006867521497E017001F5253 /* MediaPlayer.framework in Frameworks */,
				006867541497E017001F5253 /* QuartzCore.framework in Frameworks */,
				006867561497E017001F5253 /* SystemConfiguration.framework in Frameworks */,
				006867581497E017001F5253 /* MobileCoreServices.framework in Frameworks */,
				0068675A1497E017001F5253 /* CoreMedia.framework in Frameworks */,
				006867651497E017001F5253 /* PhoneGap.framework in Frameworks */,
			);
			runOnlyForDeploymentPostprocessing = 0;
		};
		0068673A1497E017001F5253 /* Frameworks */ = {
			isa = PBXFrameworksBuildPhase;
			buildActionMask = 2147483647;
			files = (
			);
			runOnlyForDeploymentPostprocessing = 0;
		};
/* End PBXFrameworksBuildPhase section */

/* Begin PBXGroup section */
		0068672F1497E017001F5253 = {
			isa = PBXGroup;
			children = (
				0033F04814A3B796002D634E /* Default-Landscape~ipad.png */,
				0033F04614A3B78C002D634E /* Default-Portrait~ipad.png */,
				0033F04414A3B75C002D634E /* Default@2x.png */,
				0033F04214A3B752002D634E /* Default.png */,
				00564B5E1498666500A8E69A /* README */,
				0033F03414A3B71D002D634E /* iPad_icon_72_72.png */,
				0033F03714A3B71D002D634E /* iPhone_icon_57_57.png */,
				0033F03814A3B71D002D634E /* iPhone_icon_114_114.png */,
				0068678C1497E1DD001F5253 /* www */,
				0068675B1497E017001F5253 /* Flowchart */,
				006867401497E017001F5253 /* Frameworks */,
				0068673E1497E017001F5253 /* Products */,
			);
			sourceTree = "<group>";
		};
		0068673E1497E017001F5253 /* Products */ = {
			isa = PBXGroup;
			children = (
				0068673D1497E017001F5253 /* Flowchart.app */,
			);
			name = Products;
			sourceTree = "<group>";
		};
		006867401497E017001F5253 /* Frameworks */ = {
			isa = PBXGroup;
			children = (
				006867411497E017001F5253 /* Foundation.framework */,
				006867431497E017001F5253 /* UIKit.framework */,
				006867451497E017001F5253 /* CoreGraphics.framework */,
				006867471497E017001F5253 /* AddressBook.framework */,
				006867491497E017001F5253 /* AddressBookUI.framework */,
				0068674B1497E017001F5253 /* AudioToolbox.framework */,
				0068674D1497E017001F5253 /* AVFoundation.framework */,
				0068674F1497E017001F5253 /* CoreLocation.framework */,
				006867511497E017001F5253 /* MediaPlayer.framework */,
				006867531497E017001F5253 /* QuartzCore.framework */,
				006867551497E017001F5253 /* SystemConfiguration.framework */,
				006867571497E017001F5253 /* MobileCoreServices.framework */,
				006867591497E017001F5253 /* CoreMedia.framework */,
			);
			name = Frameworks;
			sourceTree = "<group>";
		};
		0068675B1497E017001F5253 /* Flowchart */ = {
			isa = PBXGroup;
			children = (
				006867641497E017001F5253 /* PhoneGap.framework */,
				006867661497E017001F5253 /* Resources */,
				0068677F1497E017001F5253 /* Classes */,
				006867831497E017001F5253 /* Plugins */,
				0068675C1497E017001F5253 /* Supporting Files */,
			);
			path = Flowchart;
			sourceTree = "<group>";
		};
		0068675C1497E017001F5253 /* Supporting Files */ = {
			isa = PBXGroup;
			children = (
				0068675D1497E017001F5253 /* Flowchart-Info.plist */,
				0068675E1497E017001F5253 /* InfoPlist.strings */,
				006867611497E017001F5253 /* main.m */,
				006867631497E017001F5253 /* Flowchart-Prefix.pch */,
				0068677D1497E017001F5253 /* PhoneGap.plist */,
			);
			name = "Supporting Files";
			sourceTree = "<group>";
		};
		006867661497E017001F5253 /* Resources */ = {
			isa = PBXGroup;
			children = (
				0055D44614995F680085FAB9 /* iTunesArtwork */,
				0068677B1497E017001F5253 /* Capture.bundle */,
				006867671497E017001F5253 /* en.lproj */,
				0068676B1497E017001F5253 /* es.lproj */,
				0068676F1497E017001F5253 /* icons */,
			);
			name = Resources;
			sourceTree = "<group>";
		};
		006867671497E017001F5253 /* en.lproj */ = {
			isa = PBXGroup;
			children = (
				006867681497E017001F5253 /* Localizable.strings */,
			);
			name = en.lproj;
			sourceTree = "<group>";
		};
		0068676B1497E017001F5253 /* es.lproj */ = {
			isa = PBXGroup;
			children = (
				0068676C1497E017001F5253 /* Localizable.strings */,
			);
			name = es.lproj;
			sourceTree = "<group>";
		};
		0068676F1497E017001F5253 /* icons */ = {
			isa = PBXGroup;
			children = (
				006867701497E017001F5253 /* icon.png */,
				006867721497E017001F5253 /* icon@2x.png */,
				006867741497E017001F5253 /* icon-72.png */,
			);
			name = icons;
			sourceTree = "<group>";
		};
		0068677F1497E017001F5253 /* Classes */ = {
			isa = PBXGroup;
			children = (
				006867801497E017001F5253 /* AppDelegate.h */,
				006867811497E017001F5253 /* AppDelegate.m */,
			);
			name = Classes;
			sourceTree = "<group>";
		};
		006867831497E017001F5253 /* Plugins */ = {
			isa = PBXGroup;
			children = (
				006867841497E017001F5253 /* README */,
			);
			name = Plugins;
			sourceTree = "<group>";
		};
/* End PBXGroup section */

/* Begin PBXNativeTarget section */
		0068673C1497E017001F5253 /* Flowchart */ = {
			isa = PBXNativeTarget;
			buildConfigurationList = 006867871497E017001F5253 /* Build configuration list for PBXNativeTarget "Flowchart" */;
			buildPhases = (
				006867361497E017001F5253 /* Sources */,
				006867371497E017001F5253 /* Frameworks */,
				006867381497E017001F5253 /* Resources */,
				006867391497E017001F5253 /* Sources */,
				0068673A1497E017001F5253 /* Frameworks */,
				0068673B1497E017001F5253 /* ShellScript */,
			);
			buildRules = (
			);
			dependencies = (
			);
			name = Flowchart;
			productName = Flowchart;
			productReference = 0068673D1497E017001F5253 /* Flowchart.app */;
			productType = "com.apple.product-type.application";
		};
/* End PBXNativeTarget section */

/* Begin PBXProject section */
		006867311497E017001F5253 /* Project object */ = {
			isa = PBXProject;
			attributes = {
				LastUpgradeCheck = 0420;
			};
			buildConfigurationList = 006867341497E017001F5253 /* Build configuration list for PBXProject "Flowchart" */;
			compatibilityVersion = "Xcode 3.2";
			developmentRegion = English;
			hasScannedForEncodings = 0;
			knownRegions = (
				en,
				es,
			);
			mainGroup = 0068672F1497E017001F5253;
			productRefGroup = 0068673E1497E017001F5253 /* Products */;
			projectDirPath = "";
			projectRoot = "";
			targets = (
				0068673C1497E017001F5253 /* Flowchart */,
			);
		};
/* End PBXProject section */

/* Begin PBXResourcesBuildPhase section */
		006867381497E017001F5253 /* Resources */ = {
			isa = PBXResourcesBuildPhase;
			buildActionMask = 2147483647;
			files = (
				006867601497E017001F5253 /* InfoPlist.strings in Resources */,
				0068676A1497E017001F5253 /* Localizable.strings in Resources */,
				0068676E1497E017001F5253 /* Localizable.strings in Resources */,
				006867711497E017001F5253 /* icon.png in Resources */,
				006867731497E017001F5253 /* icon@2x.png in Resources */,
				006867751497E017001F5253 /* icon-72.png in Resources */,
				0068677C1497E017001F5253 /* Capture.bundle in Resources */,
				0068677E1497E017001F5253 /* PhoneGap.plist in Resources */,
				0068678D1497E1DD001F5253 /* www in Resources */,
				00564B5F1498666500A8E69A /* README in Resources */,
				0055D44714995F680085FAB9 /* iTunesArtwork in Resources */,
				0033F03B14A3B71D002D634E /* iPad_icon_72_72.png in Resources */,
				0033F03E14A3B71D002D634E /* iPhone_icon_57_57.png in Resources */,
				0033F03F14A3B71D002D634E /* iPhone_icon_114_114.png in Resources */,
				0033F04314A3B753002D634E /* Default.png in Resources */,
				0033F04514A3B75C002D634E /* Default@2x.png in Resources */,
				0033F04714A3B78C002D634E /* Default-Portrait~ipad.png in Resources */,
				0033F04914A3B796002D634E /* Default-Landscape~ipad.png in Resources */,
			);
			runOnlyForDeploymentPostprocessing = 0;
		};
/* End PBXResourcesBuildPhase section */

/* Begin PBXShellScriptBuildPhase section */
		0068673B1497E017001F5253 /* ShellScript */ = {
			isa = PBXShellScriptBuildPhase;
			buildActionMask = 2147483647;
			files = (
			);
			inputPaths = (
			);
			outputPaths = (
			);
			runOnlyForDeploymentPostprocessing = 0;
			shellPath = /bin/bash;
			shellScript = "\n\t\t\t\t\t\t\t\tif [ ! -d \"$PROJECT_DIR/www\" ] ; then\n\t\t\t\t\t\t\t\t\tcp -R /Users/Shared/PhoneGap/Frameworks/PhoneGap.framework/www \"$PROJECT_DIR\"\n\t\t\t\t\t\t\t\tfi\n\t\t\t\t\t\t\t\t# detect www folder reference in project, if missing, print warning\n\t\t\t\t\t\t\t\tgrep \"{isa = PBXFileReference; lastKnownFileType = folder; path = www; sourceTree = \\\"<group>\\\"; };\" \"$PROJECT_DIR/$PROJECT_NAME.xcodeproj/project.pbxproj\"\n\t\t\t\t\t\t\t\trc=$? \n\t\t\t\t\t\t\t\tif [ $rc != 0 ] ; then\n\t\t\t\t\t\t\t\techo -e \"warning: Missing - Add $PROJECT_DIR/www as a folder reference in your project. Just drag and drop the folder into your project, into the Project Navigator of Xcode 4. Make sure you select the second radio-button: 'Create folder references for any added folders' (which will create a blue folder)\" 1>&2\n\t\t\t\t\t\t\t\tfi\t\t\t\t\t\t\t";
		};
/* End PBXShellScriptBuildPhase section */

/* Begin PBXSourcesBuildPhase section */
		006867361497E017001F5253 /* Sources */ = {
			isa = PBXSourcesBuildPhase;
			buildActionMask = 2147483647;
			files = (
				006867621497E017001F5253 /* main.m in Sources */,
				006867821497E017001F5253 /* AppDelegate.m in Sources */,
			);
			runOnlyForDeploymentPostprocessing = 0;
		};
		006867391497E017001F5253 /* Sources */ = {
			isa = PBXSourcesBuildPhase;
			buildActionMask = 2147483647;
			files = (
			);
			runOnlyForDeploymentPostprocessing = 0;
		};
/* End PBXSourcesBuildPhase section */

/* Begin PBXVariantGroup section */
		0068675E1497E017001F5253 /* InfoPlist.strings */ = {
			isa = PBXVariantGroup;
			children = (
				0068675F1497E017001F5253 /* en */,
			);
			name = InfoPlist.strings;
			sourceTree = "<group>";
		};
		006867681497E017001F5253 /* Localizable.strings */ = {
			isa = PBXVariantGroup;
			children = (
				006867691497E017001F5253 /* en */,
			);
			name = Localizable.strings;
			sourceTree = "<group>";
		};
		0068676C1497E017001F5253 /* Localizable.strings */ = {
			isa = PBXVariantGroup;
			children = (
				0068676D1497E017001F5253 /* es */,
			);
			name = Localizable.strings;
			sourceTree = "<group>";
		};
/* End PBXVariantGroup section */

/* Begin XCBuildConfiguration section */
		006867851497E017001F5253 /* Debug */ = {
			isa = XCBuildConfiguration;
			buildSettings = {
				ALWAYS_SEARCH_USER_PATHS = NO;
				ARCHS = "$(ARCHS_STANDARD_32_BIT)";
				CLANG_ENABLE_OBJC_ARC = YES;
				CODE_SIGN_IDENTITY = "iPhone Distribution: Spencer Cox";
				"CODE_SIGN_IDENTITY[sdk=iphoneos*]" = "iPhone Developer";
				COPY_PHASE_STRIP = NO;
				GCC_C_LANGUAGE_STANDARD = gnu99;
				GCC_DYNAMIC_NO_PIC = NO;
				GCC_OPTIMIZATION_LEVEL = 0;
				GCC_PREPROCESSOR_DEFINITIONS = (
					"DEBUG=1",
					"$(inherited)",
				);
				GCC_SYMBOLS_PRIVATE_EXTERN = NO;
				GCC_VERSION = com.apple.compilers.llvmgcc42;
				GCC_WARN_ABOUT_MISSING_PROTOTYPES = YES;
				GCC_WARN_ABOUT_RETURN_TYPE = YES;
				GCC_WARN_UNUSED_VARIABLE = YES;
				IPHONEOS_DEPLOYMENT_TARGET = 5.0;
				KEEP_PRIVATE_EXTERNS = NO;
				PROVISIONING_PROFILE = "28FAA988-CFF5-4862-BC6C-5C38FC3A7296";
				SDKROOT = iphoneos;
			};
			name = Debug;
		};
		006867861497E017001F5253 /* Release */ = {
			isa = XCBuildConfiguration;
			buildSettings = {
				ALWAYS_SEARCH_USER_PATHS = NO;
				ARCHS = "$(ARCHS_STANDARD_32_BIT)";
				CLANG_ENABLE_OBJC_ARC = YES;
				CODE_SIGN_IDENTITY = "iPhone Distribution: Spencer Cox";
				"CODE_SIGN_IDENTITY[sdk=iphoneos*]" = "iPhone Developer";
				COPY_PHASE_STRIP = YES;
				GCC_C_LANGUAGE_STANDARD = gnu99;
				GCC_VERSION = com.apple.compilers.llvmgcc42;
				GCC_WARN_ABOUT_MISSING_PROTOTYPES = YES;
				GCC_WARN_ABOUT_RETURN_TYPE = YES;
				GCC_WARN_UNUSED_VARIABLE = YES;
				IPHONEOS_DEPLOYMENT_TARGET = 5.0;
				KEEP_PRIVATE_EXTERNS = NO;
				PROVISIONING_PROFILE = "28FAA988-CFF5-4862-BC6C-5C38FC3A7296";
				SDKROOT = iphoneos;
				VALIDATE_PRODUCT = YES;
			};
			name = Release;
		};
		006867881497E017001F5253 /* Debug */ = {
			isa = XCBuildConfiguration;
			buildSettings = {
				ALWAYS_SEARCH_USER_PATHS = YES;
				COPY_PHASE_STRIP = NO;
				FRAMEWORK_SEARCH_PATHS = /Users/Shared/PhoneGap/Frameworks;
				GCC_DYNAMIC_NO_PIC = NO;
				GCC_PRECOMPILE_PREFIX_HEADER = YES;
				GCC_PREFIX_HEADER = "Flowchart/Flowchart-Prefix.pch";
				GCC_PREPROCESSOR_DEFINITIONS = "PHONEGAP_FRAMEWORK=YES";
				INFOPLIST_FILE = "Flowchart/Flowchart-Info.plist";
				OTHER_LDFLAGS = (
					"-weak_framework",
					UIKit,
					"-weak_framework",
					AVFoundation,
					"-weak_framework",
					CoreMedia,
					"-weak_library",
					/usr/lib/libSystem.B.dylib,
				);
				PRODUCT_NAME = Flowchart;
				TARGETED_DEVICE_FAMILY = "1,2";
				WRAPPER_EXTENSION = app;
			};
			name = Debug;
		};
		006867891497E017001F5253 /* Release */ = {
			isa = XCBuildConfiguration;
			buildSettings = {
				ALWAYS_SEARCH_USER_PATHS = YES;
				COPY_PHASE_STRIP = YES;
				DEBUG_INFORMATION_FORMAT = "dwarf-with-dsym";
				FRAMEWORK_SEARCH_PATHS = /Users/Shared/PhoneGap/Frameworks;
				GCC_PRECOMPILE_PREFIX_HEADER = YES;
				GCC_PREFIX_HEADER = "Flowchart/Flowchart-Prefix.pch";
				GCC_PREPROCESSOR_DEFINITIONS = "PHONEGAP_FRAMEWORK=YES";
				INFOPLIST_FILE = "Flowchart/Flowchart-Info.plist";
				OTHER_LDFLAGS = (
					"-weak_framework",
					UIKit,
					"-weak_framework",
					AVFoundation,
					"-weak_framework",
					CoreMedia,
					"-weak_library",
					/usr/lib/libSystem.B.dylib,
				);
				PRODUCT_NAME = Flowchart;
				TARGETED_DEVICE_FAMILY = "1,2";
				VALIDATE_PRODUCT = YES;
				WRAPPER_EXTENSION = app;
			};
			name = Release;
		};
		0068678A1497E162001F5253 /* Ad Hoc */ = {
			isa = XCBuildConfiguration;
			buildSettings = {
				ALWAYS_SEARCH_USER_PATHS = NO;
				ARCHS = "$(ARCHS_STANDARD_32_BIT)";
				CLANG_ENABLE_OBJC_ARC = YES;
				CODE_SIGN_IDENTITY = "iPhone Distribution: Spencer Cox";
				"CODE_SIGN_IDENTITY[sdk=iphoneos*]" = "iPhone Distribution";
				COPY_PHASE_STRIP = YES;
				GCC_C_LANGUAGE_STANDARD = gnu99;
				GCC_VERSION = com.apple.compilers.llvmgcc42;
				GCC_WARN_ABOUT_MISSING_PROTOTYPES = YES;
				GCC_WARN_ABOUT_RETURN_TYPE = YES;
				GCC_WARN_UNUSED_VARIABLE = YES;
				IPHONEOS_DEPLOYMENT_TARGET = 5.0;
				KEEP_PRIVATE_EXTERNS = NO;
				PROVISIONING_PROFILE = "28FAA988-CFF5-4862-BC6C-5C38FC3A7296";
				"PROVISIONING_PROFILE[sdk=iphoneos*]" = "";
				SDKROOT = iphoneos;
				VALIDATE_PRODUCT = YES;
			};
			name = "Ad Hoc";
		};
		0068678B1497E162001F5253 /* Ad Hoc */ = {
			isa = XCBuildConfiguration;
			buildSettings = {
				ALWAYS_SEARCH_USER_PATHS = YES;
				COPY_PHASE_STRIP = YES;
				DEBUG_INFORMATION_FORMAT = "dwarf-with-dsym";
				FRAMEWORK_SEARCH_PATHS = /Users/Shared/PhoneGap/Frameworks;
				GCC_PRECOMPILE_PREFIX_HEADER = YES;
				GCC_PREFIX_HEADER = "Flowchart/Flowchart-Prefix.pch";
				GCC_PREPROCESSOR_DEFINITIONS = "PHONEGAP_FRAMEWORK=YES";
				INFOPLIST_FILE = "Flowchart/Flowchart-Info.plist";
				OTHER_LDFLAGS = (
					"-weak_framework",
					UIKit,
					"-weak_framework",
					AVFoundation,
					"-weak_framework",
					CoreMedia,
					"-weak_library",
					/usr/lib/libSystem.B.dylib,
				);
				PRODUCT_NAME = Flowchart;
				TARGETED_DEVICE_FAMILY = "1,2";
				VALIDATE_PRODUCT = YES;
				WRAPPER_EXTENSION = app;
			};
			name = "Ad Hoc";
		};
/* End XCBuildConfiguration section */

/* Begin XCConfigurationList section */
		006867341497E017001F5253 /* Build configuration list for PBXProject "Flowchart" */ = {
			isa = XCConfigurationList;
			buildConfigurations = (
				006867851497E017001F5253 /* Debug */,
				006867861497E017001F5253 /* Release */,
				0068678A1497E162001F5253 /* Ad Hoc */,
			);
			defaultConfigurationIsVisible = 0;
			defaultConfigurationName = Release;
		};
		006867871497E017001F5253 /* Build configuration list for PBXNativeTarget "Flowchart" */ = {
			isa = XCConfigurationList;
			buildConfigurations = (
				006867881497E017001F5253 /* Debug */,
				006867891497E017001F5253 /* Release */,
				0068678B1497E162001F5253 /* Ad Hoc */,
			);
			defaultConfigurationIsVisible = 0;
			defaultConfigurationName = Release;
		};
/* End XCConfigurationList section */
	};
	rootObject = 006867311497E017001F5253 /* Project object */;
}
